
Microsoft Visual Studio Solution File, Format Version 10.00
# Visual Studio 2008
Project("{FAE04EC0-301F-11D3-BF4B-00C04F79EFBC}") = "CommonDomain.CF", "proj\CommonDomain\CommonDomain.CF.csproj", "{C5CCEFD6-16AB-4478-97E1-F3737EA2BE45}"
EndProject
Project("{FAE04EC0-301F-11D3-BF4B-00C04F79EFBC}") = "CommonDomain.Core.CF", "proj\CommonDomain.Core\CommonDomain.Core.CF.csproj", "{A686F8F1-81FC-4292-9FCC-B282C4B29B64}"
EndProject
Project("{FAE04EC0-301F-11D3-BF4B-00C04F79EFBC}") = "CommonDomain.Persistence.CF", "proj\CommonDomain.Persistence\CommonDomain.Persistence.CF.csproj", "{E22CFC45-E5AC-4495-B01E-68318DECA902}"
EndProject
Project("{FAE04EC0-301F-11D3-BF4B-00C04F79EFBC}") = "CommonDomain.Persistence.EventStore.CF", "proj\CommonDomain.Persistence.EventStore\CommonDomain.Persistence.EventStore.CF.csproj", "{CD957A39-4480-4B2D-8F85-C1F623EE0511}"
EndProject
Global
	GlobalSection(SolutionConfigurationPlatforms) = preSolution
		Debug|Any CPU = Debug|Any CPU
		Release|Any CPU = Release|Any CPU
	EndGlobalSection
	GlobalSection(ProjectConfigurationPlatforms) = postSolution
		{C5CCEFD6-16AB-4478-97E1-F3737EA2BE45}.Debug|Any CPU.ActiveCfg = Debug|Any CPU
		{C5CCEFD6-16AB-4478-97E1-F3737EA2BE45}.Debug|Any CPU.Build.0 = Debug|Any CPU
		{C5CCEFD6-16AB-4478-97E1-F3737EA2BE45}.Release|Any CPU.ActiveCfg = Release|Any CPU
		{C5CCEFD6-16AB-4478-97E1-F3737EA2BE45}.Release|Any CPU.Build.0 = Release|Any CPU
		{A686F8F1-81FC-4292-9FCC-B282C4B29B64}.Debug|Any CPU.ActiveCfg = Debug|Any CPU
		{A686F8F1-81FC-4292-9FCC-B282C4B29B64}.Debug|Any CPU.Build.0 = Debug|Any CPU
		{A686F8F1-81FC-4292-9FCC-B282C4B29B64}.Release|Any CPU.ActiveCfg = Release|Any CPU
		{A686F8F1-81FC-4292-9FCC-B282C4B29B64}.Release|Any CPU.Build.0 = Release|Any CPU
		{E22CFC45-E5AC-4495-B01E-68318DECA902}.Debug|Any CPU.ActiveCfg = Debug|Any CPU
		{E22CFC45-E5AC-4495-B01E-68318DECA902}.Debug|Any CPU.Build.0 = Debug|Any CPU
		{E22CFC45-E5AC-4495-B01E-68318DECA902}.Release|Any CPU.ActiveCfg = Release|Any CPU
		{E22CFC45-E5AC-4495-B01E-68318DECA902}.Release|Any CPU.Build.0 = Release|Any CPU
		{CD957A39-4480-4B2D-8F85-C1F623EE0511}.Debug|Any CPU.ActiveCfg = Debug|Any CPU
		{CD957A39-4480-4B2D-8F85-C1F623EE0511}.Debug|Any CPU.Build.0 = Debug|Any CPU
		{CD957A39-4480-4B2D-8F85-C1F623EE0511}.Release|Any CPU.ActiveCfg = Release|Any CPU
		{CD957A39-4480-4B2D-8F85-C1F623EE0511}.Release|Any CPU.Build.0 = Release|Any CPU
	EndGlobalSection
	GlobalSection(SolutionProperties) = preSolution
		HideSolutionNode = FALSE
	EndGlobalSection
EndGlobal
